
Microsoft Visual Studio Solution File, Format Version 12.00
# Visual Studio Version 17
VisualStudioVersion = 17.0.31912.275
MinimumVisualStudioVersion = 10.0.40219.1
Project("{2150E333-8FDC-42A3-9474-1A3956D46DE8}") = "Woof Tookit", "Woof Tookit", "{FE1C68B2-5C0C-40F8-9F5E-05D23EADEA12}"
	ProjectSection(SolutionItems) = preProject
		.gitignore = .gitignore
		CodingStyle.vssettings = CodingStyle.vssettings
		Icon.png = Icon.png
		Readme.md = Readme.md
	EndProjectSection
EndProject
Project("{2150E333-8FDC-42A3-9474-1A3956D46DE8}") = "Packages", "Packages", "{05050EE6-FEEC-4EF2-956C-B70278C56ED4}"
EndProject
Project("{2150E333-8FDC-42A3-9474-1A3956D46DE8}") = "Tests", "Tests", "{B764D798-4FDC-4FFB-A49B-9F24A9785F2D}"
EndProject
Project("{2150E333-8FDC-42A3-9474-1A3956D46DE8}") = "Demos", "Demos", "{939A05DB-484D-4F93-8A87-99D98486B020}"
EndProject
Project("{2150E333-8FDC-42A3-9474-1A3956D46DE8}") = "Tools", "Tools", "{92B29DCB-1157-4F21-AA8A-3B8C4384EB96}"
EndProject
Project("{9A19103F-16F7-4668-BE54-9A1E7A4F7556}") = "Woof.Shell", "Packages\Woof.Shell\Woof.Shell.csproj", "{50D87BF9-0A06-453A-9E42-31FD64CC9216}"
EndProject
Project("{9A19103F-16F7-4668-BE54-9A1E7A4F7556}") = "Woof.LinuxAdmin", "Packages\Woof.LinuxAdmin\Woof.LinuxAdmin.csproj", "{E1B03456-196D-489A-BFA8-8DD1F7CFBF0E}"
EndProject
Project("{9A19103F-16F7-4668-BE54-9A1E7A4F7556}") = "Woof.DataProtection", "Packages\Woof.DataProtection\Woof.DataProtection.csproj", "{A8F006A2-7559-4C2E-AA7B-82571AA2C235}"
EndProject
Project("{9A19103F-16F7-4668-BE54-9A1E7A4F7556}") = "Woof.DataProtection.Linux", "Packages\Woof.DataProtection.Linux\Woof.DataProtection.Linux.csproj", "{C67DBBFF-6ED8-4F37-BA28-3631C0C93C56}"
EndProject
Project("{9A19103F-16F7-4668-BE54-9A1E7A4F7556}") = "Woof.Config", "Packages\Woof.Config\Woof.Config.csproj", "{563C3977-CC07-4674-BFB4-A846C7C3DBE8}"
EndProject
Project("{9A19103F-16F7-4668-BE54-9A1E7A4F7556}") = "Woof.Config.AKV", "Packages\Woof.Config.AKV\Woof.Config.AKV.csproj", "{8E9FCCC8-35F9-47F6-9E92-AC709616697E}"
EndProject
Project("{9A19103F-16F7-4668-BE54-9A1E7A4F7556}") = "Woof.CommandLine", "Packages\Woof.CommandLine\Woof.CommandLine.csproj", "{247D9B97-5353-41B7-AB10-E7BF7FE3DA77}"
EndProject
Project("{9A19103F-16F7-4668-BE54-9A1E7A4F7556}") = "Woof.Console", "Packages\Woof.Console\Woof.Console.csproj", "{49BFA3CF-9BCE-4FCB-997C-5EAC5104C400}"
EndProject
Project("{9A19103F-16F7-4668-BE54-9A1E7A4F7556}") = "Woof.Net.WebSockets", "Packages\Woof.Net.WebSockets\Woof.Net.WebSockets.csproj", "{3C9F5CD5-40E1-4E25-8F53-A372E45E9DB1}"
EndProject
Project("{9A19103F-16F7-4668-BE54-9A1E7A4F7556}") = "Woof.ServiceInstaller", "Packages\Woof.ServiceInstaller\Woof.ServiceInstaller.csproj", "{5ED2D876-ABC6-4802-B01A-6A76A28FDCCA}"
EndProject
Project("{9A19103F-16F7-4668-BE54-9A1E7A4F7556}") = "Woof.CronTimer", "Packages\Woof.CronTimer\Woof.CronTimer.csproj", "{A2CC3222-984D-4D7B-BF35-DD7F8C12489F}"
EndProject
Project("{9A19103F-16F7-4668-BE54-9A1E7A4F7556}") = "Woof.Command", "Packages\Woof.Command\Woof.Command.csproj", "{BBD0FE9A-A2AB-488E-B9D8-163F125677E3}"
EndProject
Project("{9A19103F-16F7-4668-BE54-9A1E7A4F7556}") = "Woof.TestTerminal", "Packages\Woof.TestTerminal\Woof.TestTerminal.csproj", "{A610697C-1CE6-41E7-819A-A9709E3ED606}"
EndProject
Project("{9A19103F-16F7-4668-BE54-9A1E7A4F7556}") = "Woof.Config.Protected", "Packages\Woof.Config.Protected\Woof.Config.Protected.csproj", "{81BEB833-7683-4D03-AC62-586A94328E61}"
EndProject
Project("{9A19103F-16F7-4668-BE54-9A1E7A4F7556}") = "Woof.Template", "Packages\Woof.Template\Woof.Template.csproj", "{5379D6EE-3FCA-4B73-82DF-5E816AD76282}"
EndProject
Project("{9A19103F-16F7-4668-BE54-9A1E7A4F7556}") = "Tester", "Tools\Tester\Tester.csproj", "{5B82F432-3E94-4620-8D8C-5E225CBB7CE2}"
EndProject
Project("{9A19103F-16F7-4668-BE54-9A1E7A4F7556}") = "UnitTests", "Tests\UnitTests\UnitTests.csproj", "{4E41C060-4A26-433C-9FAD-47B04A889024}"
EndProject
Project("{9A19103F-16F7-4668-BE54-9A1E7A4F7556}") = "Woof.LinuxAdmin.Demo", "Demos\Woof.LinuxAdmin.Demo\Woof.LinuxAdmin.Demo.csproj", "{053213EB-F14B-4404-8C28-77F8087FADE9}"
EndProject
Project("{9A19103F-16F7-4668-BE54-9A1E7A4F7556}") = "Woof.DataProtection.Linux.Demo", "Demos\Woof.DataProtection.Linux.Demo\Woof.DataProtection.Linux.Demo.csproj", "{E9DF2327-5299-4E7B-842A-F84CF9C0613F}"
EndProject
Project("{9A19103F-16F7-4668-BE54-9A1E7A4F7556}") = "Woof.Config.Protected.Demo", "Demos\Woof.Config.Protected.Demo\Woof.Config.Protected.Demo.csproj", "{51F82596-04BA-43A4-A0F2-7E6BE5876297}"
EndProject
Project("{9A19103F-16F7-4668-BE54-9A1E7A4F7556}") = "Woof.Config.AKV.Protected", "Packages\Woof.Config.AKV.Protected\Woof.Config.AKV.Protected.csproj", "{4795FCE2-264C-4EC0-A293-25A9ADABBF5F}"
EndProject
Project("{FAE04EC0-301F-11D3-BF4B-00C04F79EFBC}") = "Woof.Internals", "Packages\Woof.Internals\Woof.Internals.csproj", "{5A638729-2713-476D-BBC7-7E3AC9DF739D}"
EndProject
Global
	GlobalSection(SolutionConfigurationPlatforms) = preSolution
		Debug|Any CPU = Debug|Any CPU
		Release|Any CPU = Release|Any CPU
	EndGlobalSection
	GlobalSection(ProjectConfigurationPlatforms) = postSolution
		{50D87BF9-0A06-453A-9E42-31FD64CC9216}.Debug|Any CPU.ActiveCfg = Debug|Any CPU
		{50D87BF9-0A06-453A-9E42-31FD64CC9216}.Debug|Any CPU.Build.0 = Debug|Any CPU
		{50D87BF9-0A06-453A-9E42-31FD64CC9216}.Release|Any CPU.ActiveCfg = Release|Any CPU
		{50D87BF9-0A06-453A-9E42-31FD64CC9216}.Release|Any CPU.Build.0 = Release|Any CPU
		{E1B03456-196D-489A-BFA8-8DD1F7CFBF0E}.Debug|Any CPU.ActiveCfg = Debug|Any CPU
		{E1B03456-196D-489A-BFA8-8DD1F7CFBF0E}.Debug|Any CPU.Build.0 = Debug|Any CPU
		{E1B03456-196D-489A-BFA8-8DD1F7CFBF0E}.Release|Any CPU.ActiveCfg = Release|Any CPU
		{E1B03456-196D-489A-BFA8-8DD1F7CFBF0E}.Release|Any CPU.Build.0 = Release|Any CPU
		{A8F006A2-7559-4C2E-AA7B-82571AA2C235}.Debug|Any CPU.ActiveCfg = Debug|Any CPU
		{A8F006A2-7559-4C2E-AA7B-82571AA2C235}.Debug|Any CPU.Build.0 = Debug|Any CPU
		{A8F006A2-7559-4C2E-AA7B-82571AA2C235}.Release|Any CPU.ActiveCfg = Release|Any CPU
		{A8F006A2-7559-4C2E-AA7B-82571AA2C235}.Release|Any CPU.Build.0 = Release|Any CPU
		{C67DBBFF-6ED8-4F37-BA28-3631C0C93C56}.Debug|Any CPU.ActiveCfg = Debug|Any CPU
		{C67DBBFF-6ED8-4F37-BA28-3631C0C93C56}.Debug|Any CPU.Build.0 = Debug|Any CPU
		{C67DBBFF-6ED8-4F37-BA28-3631C0C93C56}.Release|Any CPU.ActiveCfg = Release|Any CPU
		{C67DBBFF-6ED8-4F37-BA28-3631C0C93C56}.Release|Any CPU.Build.0 = Release|Any CPU
		{563C3977-CC07-4674-BFB4-A846C7C3DBE8}.Debug|Any CPU.ActiveCfg = Debug|Any CPU
		{563C3977-CC07-4674-BFB4-A846C7C3DBE8}.Debug|Any CPU.Build.0 = Debug|Any CPU
		{563C3977-CC07-4674-BFB4-A846C7C3DBE8}.Release|Any CPU.ActiveCfg = Release|Any CPU
		{563C3977-CC07-4674-BFB4-A846C7C3DBE8}.Release|Any CPU.Build.0 = Release|Any CPU
		{8E9FCCC8-35F9-47F6-9E92-AC709616697E}.Debug|Any CPU.ActiveCfg = Debug|Any CPU
		{8E9FCCC8-35F9-47F6-9E92-AC709616697E}.Debug|Any CPU.Build.0 = Debug|Any CPU
		{8E9FCCC8-35F9-47F6-9E92-AC709616697E}.Release|Any CPU.ActiveCfg = Release|Any CPU
		{8E9FCCC8-35F9-47F6-9E92-AC709616697E}.Release|Any CPU.Build.0 = Release|Any CPU
		{247D9B97-5353-41B7-AB10-E7BF7FE3DA77}.Debug|Any CPU.ActiveCfg = Debug|Any CPU
		{247D9B97-5353-41B7-AB10-E7BF7FE3DA77}.Debug|Any CPU.Build.0 = Debug|Any CPU
		{247D9B97-5353-41B7-AB10-E7BF7FE3DA77}.Release|Any CPU.ActiveCfg = Release|Any CPU
		{247D9B97-5353-41B7-AB10-E7BF7FE3DA77}.Release|Any CPU.Build.0 = Release|Any CPU
		{49BFA3CF-9BCE-4FCB-997C-5EAC5104C400}.Debug|Any CPU.ActiveCfg = Debug|Any CPU
		{49BFA3CF-9BCE-4FCB-997C-5EAC5104C400}.Debug|Any CPU.Build.0 = Debug|Any CPU
		{49BFA3CF-9BCE-4FCB-997C-5EAC5104C400}.Release|Any CPU.ActiveCfg = Release|Any CPU
		{49BFA3CF-9BCE-4FCB-997C-5EAC5104C400}.Release|Any CPU.Build.0 = Release|Any CPU
		{3C9F5CD5-40E1-4E25-8F53-A372E45E9DB1}.Debug|Any CPU.ActiveCfg = Debug|Any CPU
		{3C9F5CD5-40E1-4E25-8F53-A372E45E9DB1}.Debug|Any CPU.Build.0 = Debug|Any CPU
		{3C9F5CD5-40E1-4E25-8F53-A372E45E9DB1}.Release|Any CPU.ActiveCfg = Release|Any CPU
		{3C9F5CD5-40E1-4E25-8F53-A372E45E9DB1}.Release|Any CPU.Build.0 = Release|Any CPU
		{5ED2D876-ABC6-4802-B01A-6A76A28FDCCA}.Debug|Any CPU.ActiveCfg = Debug|Any CPU
		{5ED2D876-ABC6-4802-B01A-6A76A28FDCCA}.Debug|Any CPU.Build.0 = Debug|Any CPU
		{5ED2D876-ABC6-4802-B01A-6A76A28FDCCA}.Release|Any CPU.ActiveCfg = Release|Any CPU
		{5ED2D876-ABC6-4802-B01A-6A76A28FDCCA}.Release|Any CPU.Build.0 = Release|Any CPU
		{A2CC3222-984D-4D7B-BF35-DD7F8C12489F}.Debug|Any CPU.ActiveCfg = Debug|Any CPU
		{A2CC3222-984D-4D7B-BF35-DD7F8C12489F}.Debug|Any CPU.Build.0 = Debug|Any CPU
		{A2CC3222-984D-4D7B-BF35-DD7F8C12489F}.Release|Any CPU.ActiveCfg = Release|Any CPU
		{A2CC3222-984D-4D7B-BF35-DD7F8C12489F}.Release|Any CPU.Build.0 = Release|Any CPU
		{BBD0FE9A-A2AB-488E-B9D8-163F125677E3}.Debug|Any CPU.ActiveCfg = Debug|Any CPU
		{BBD0FE9A-A2AB-488E-B9D8-163F125677E3}.Debug|Any CPU.Build.0 = Debug|Any CPU
		{BBD0FE9A-A2AB-488E-B9D8-163F125677E3}.Release|Any CPU.ActiveCfg = Release|Any CPU
		{BBD0FE9A-A2AB-488E-B9D8-163F125677E3}.Release|Any CPU.Build.0 = Release|Any CPU
		{A610697C-1CE6-41E7-819A-A9709E3ED606}.Debug|Any CPU.ActiveCfg = Debug|Any CPU
		{A610697C-1CE6-41E7-819A-A9709E3ED606}.Debug|Any CPU.Build.0 = Debug|Any CPU
		{A610697C-1CE6-41E7-819A-A9709E3ED606}.Release|Any CPU.ActiveCfg = Release|Any CPU
		{A610697C-1CE6-41E7-819A-A9709E3ED606}.Release|Any CPU.Build.0 = Release|Any CPU
		{81BEB833-7683-4D03-AC62-586A94328E61}.Debug|Any CPU.ActiveCfg = Debug|Any CPU
		{81BEB833-7683-4D03-AC62-586A94328E61}.Debug|Any CPU.Build.0 = Debug|Any CPU
		{81BEB833-7683-4D03-AC62-586A94328E61}.Release|Any CPU.ActiveCfg = Release|Any CPU
		{81BEB833-7683-4D03-AC62-586A94328E61}.Release|Any CPU.Build.0 = Release|Any CPU
		{5379D6EE-3FCA-4B73-82DF-5E816AD76282}.Debug|Any CPU.ActiveCfg = Debug|Any CPU
		{5379D6EE-3FCA-4B73-82DF-5E816AD76282}.Debug|Any CPU.Build.0 = Debug|Any CPU
		{5379D6EE-3FCA-4B73-82DF-5E816AD76282}.Release|Any CPU.ActiveCfg = Release|Any CPU
		{5379D6EE-3FCA-4B73-82DF-5E816AD76282}.Release|Any CPU.Build.0 = Release|Any CPU
		{5B82F432-3E94-4620-8D8C-5E225CBB7CE2}.Debug|Any CPU.ActiveCfg = Debug|Any CPU
		{5B82F432-3E94-4620-8D8C-5E225CBB7CE2}.Debug|Any CPU.Build.0 = Debug|Any CPU
		{5B82F432-3E94-4620-8D8C-5E225CBB7CE2}.Release|Any CPU.ActiveCfg = Release|Any CPU
		{5B82F432-3E94-4620-8D8C-5E225CBB7CE2}.Release|Any CPU.Build.0 = Release|Any CPU
		{4E41C060-4A26-433C-9FAD-47B04A889024}.Debug|Any CPU.ActiveCfg = Debug|Any CPU
		{4E41C060-4A26-433C-9FAD-47B04A889024}.Debug|Any CPU.Build.0 = Debug|Any CPU
		{4E41C060-4A26-433C-9FAD-47B04A889024}.Release|Any CPU.ActiveCfg = Release|Any CPU
		{4E41C060-4A26-433C-9FAD-47B04A889024}.Release|Any CPU.Build.0 = Release|Any CPU
		{053213EB-F14B-4404-8C28-77F8087FADE9}.Debug|Any CPU.ActiveCfg = Debug|Any CPU
		{053213EB-F14B-4404-8C28-77F8087FADE9}.Debug|Any CPU.Build.0 = Debug|Any CPU
		{053213EB-F14B-4404-8C28-77F8087FADE9}.Release|Any CPU.ActiveCfg = Release|Any CPU
		{053213EB-F14B-4404-8C28-77F8087FADE9}.Release|Any CPU.Build.0 = Release|Any CPU
		{E9DF2327-5299-4E7B-842A-F84CF9C0613F}.Debug|Any CPU.ActiveCfg = Debug|Any CPU
		{E9DF2327-5299-4E7B-842A-F84CF9C0613F}.Debug|Any CPU.Build.0 = Debug|Any CPU
		{E9DF2327-5299-4E7B-842A-F84CF9C0613F}.Release|Any CPU.ActiveCfg = Release|Any CPU
		{E9DF2327-5299-4E7B-842A-F84CF9C0613F}.Release|Any CPU.Build.0 = Release|Any CPU
		{51F82596-04BA-43A4-A0F2-7E6BE5876297}.Debug|Any CPU.ActiveCfg = Debug|Any CPU
		{51F82596-04BA-43A4-A0F2-7E6BE5876297}.Debug|Any CPU.Build.0 = Debug|Any CPU
		{51F82596-04BA-43A4-A0F2-7E6BE5876297}.Release|Any CPU.ActiveCfg = Release|Any CPU
		{51F82596-04BA-43A4-A0F2-7E6BE5876297}.Release|Any CPU.Build.0 = Release|Any CPU
		{4795FCE2-264C-4EC0-A293-25A9ADABBF5F}.Debug|Any CPU.ActiveCfg = Debug|Any CPU
		{4795FCE2-264C-4EC0-A293-25A9ADABBF5F}.Debug|Any CPU.Build.0 = Debug|Any CPU
		{4795FCE2-264C-4EC0-A293-25A9ADABBF5F}.Release|Any CPU.ActiveCfg = Release|Any CPU
		{4795FCE2-264C-4EC0-A293-25A9ADABBF5F}.Release|Any CPU.Build.0 = Release|Any CPU
		{5A638729-2713-476D-BBC7-7E3AC9DF739D}.Debug|Any CPU.ActiveCfg = Debug|Any CPU
		{5A638729-2713-476D-BBC7-7E3AC9DF739D}.Debug|Any CPU.Build.0 = Debug|Any CPU
		{5A638729-2713-476D-BBC7-7E3AC9DF739D}.Release|Any CPU.ActiveCfg = Release|Any CPU
		{5A638729-2713-476D-BBC7-7E3AC9DF739D}.Release|Any CPU.Build.0 = Release|Any CPU
	EndGlobalSection
	GlobalSection(SolutionProperties) = preSolution
		HideSolutionNode = FALSE
	EndGlobalSection
	GlobalSection(NestedProjects) = preSolution
		{50D87BF9-0A06-453A-9E42-31FD64CC9216} = {05050EE6-FEEC-4EF2-956C-B70278C56ED4}
		{E1B03456-196D-489A-BFA8-8DD1F7CFBF0E} = {05050EE6-FEEC-4EF2-956C-B70278C56ED4}
		{A8F006A2-7559-4C2E-AA7B-82571AA2C235} = {05050EE6-FEEC-4EF2-956C-B70278C56ED4}
		{C67DBBFF-6ED8-4F37-BA28-3631C0C93C56} = {05050EE6-FEEC-4EF2-956C-B70278C56ED4}
		{563C3977-CC07-4674-BFB4-A846C7C3DBE8} = {05050EE6-FEEC-4EF2-956C-B70278C56ED4}
		{8E9FCCC8-35F9-47F6-9E92-AC709616697E} = {05050EE6-FEEC-4EF2-956C-B70278C56ED4}
		{247D9B97-5353-41B7-AB10-E7BF7FE3DA77} = {05050EE6-FEEC-4EF2-956C-B70278C56ED4}
		{49BFA3CF-9BCE-4FCB-997C-5EAC5104C400} = {05050EE6-FEEC-4EF2-956C-B70278C56ED4}
		{3C9F5CD5-40E1-4E25-8F53-A372E45E9DB1} = {05050EE6-FEEC-4EF2-956C-B70278C56ED4}
		{5ED2D876-ABC6-4802-B01A-6A76A28FDCCA} = {05050EE6-FEEC-4EF2-956C-B70278C56ED4}
		{A2CC3222-984D-4D7B-BF35-DD7F8C12489F} = {05050EE6-FEEC-4EF2-956C-B70278C56ED4}
		{BBD0FE9A-A2AB-488E-B9D8-163F125677E3} = {05050EE6-FEEC-4EF2-956C-B70278C56ED4}
		{A610697C-1CE6-41E7-819A-A9709E3ED606} = {05050EE6-FEEC-4EF2-956C-B70278C56ED4}
		{81BEB833-7683-4D03-AC62-586A94328E61} = {05050EE6-FEEC-4EF2-956C-B70278C56ED4}
		{5379D6EE-3FCA-4B73-82DF-5E816AD76282} = {92B29DCB-1157-4F21-AA8A-3B8C4384EB96}
		{5B82F432-3E94-4620-8D8C-5E225CBB7CE2} = {92B29DCB-1157-4F21-AA8A-3B8C4384EB96}
		{4E41C060-4A26-433C-9FAD-47B04A889024} = {B764D798-4FDC-4FFB-A49B-9F24A9785F2D}
		{053213EB-F14B-4404-8C28-77F8087FADE9} = {939A05DB-484D-4F93-8A87-99D98486B020}
		{E9DF2327-5299-4E7B-842A-F84CF9C0613F} = {939A05DB-484D-4F93-8A87-99D98486B020}
		{51F82596-04BA-43A4-A0F2-7E6BE5876297} = {939A05DB-484D-4F93-8A87-99D98486B020}
		{4795FCE2-264C-4EC0-A293-25A9ADABBF5F} = {05050EE6-FEEC-4EF2-956C-B70278C56ED4}
		{5A638729-2713-476D-BBC7-7E3AC9DF739D} = {05050EE6-FEEC-4EF2-956C-B70278C56ED4}
	EndGlobalSection
	GlobalSection(ExtensibilityGlobals) = postSolution
		SolutionGuid = {3151199D-4569-4768-93BA-473FE0CDBC6F}
	EndGlobalSection
EndGlobal
